
Microsoft Visual Studio Solution File, Format Version 12.00
# Visual Studio 15
VisualStudioVersion = 15.0.28307.539
MinimumVisualStudioVersion = 10.0.40219.1
Project("{FAE04EC0-301F-11D3-BF4B-00C04F79EFBC}") = "BinarySearchTree", "BinarySearchTree\BinarySearchTree.csproj", "{3C209912-BFE6-43A9-BD48-A3E30456BE82}"
EndProject
Project("{FAE04EC0-301F-11D3-BF4B-00C04F79EFBC}") = "BinarySearchTree_Test", "BinarySearchTree_Test\BinarySearchTree_Test.csproj", "{6FD14E90-55D8-4694-A345-FA0F2329883F}"
EndProject
Global
	GlobalSection(SolutionConfigurationPlatforms) = preSolution
		Debug|Any CPU = Debug|Any CPU
		Release|Any CPU = Release|Any CPU
	EndGlobalSection
	GlobalSection(ProjectConfigurationPlatforms) = postSolution
		{3C209912-BFE6-43A9-BD48-A3E30456BE82}.Debug|Any CPU.ActiveCfg = Debug|Any CPU
		{3C209912-BFE6-43A9-BD48-A3E30456BE82}.Debug|Any CPU.Build.0 = Debug|Any CPU
		{3C209912-BFE6-43A9-BD48-A3E30456BE82}.Release|Any CPU.ActiveCfg = Release|Any CPU
		{3C209912-BFE6-43A9-BD48-A3E30456BE82}.Release|Any CPU.Build.0 = Release|Any CPU
		{6FD14E90-55D8-4694-A345-FA0F2329883F}.Debug|Any CPU.ActiveCfg = Debug|Any CPU
		{6FD14E90-55D8-4694-A345-FA0F2329883F}.Debug|Any CPU.Build.0 = Debug|Any CPU
		{6FD14E90-55D8-4694-A345-FA0F2329883F}.Release|Any CPU.ActiveCfg = Release|Any CPU
		{6FD14E90-55D8-4694-A345-FA0F2329883F}.Release|Any CPU.Build.0 = Release|Any CPU
	EndGlobalSection
	GlobalSection(SolutionProperties) = preSolution
		HideSolutionNode = FALSE
	EndGlobalSection
	GlobalSection(ExtensibilityGlobals) = postSolution
		SolutionGuid = {B1085465-4722-46D3-B5F5-85C56917D4AC}
	EndGlobalSection
EndGlobal
